
Microsoft Visual Studio Solution File, Format Version 12.00
# Visual Studio Version 17
VisualStudioVersion = 17.4.33205.214
MinimumVisualStudioVersion = 16.0.0.0
Project("{9A19103F-16F7-4668-BE54-9A1E7A4F7556}") = "stride_ui_alternate_example.Windows", "stride_ui_alternate_example.Windows\stride_ui_alternate_example.Windows.csproj", "{2649DEEA-02C0-43D2-9383-9B6253F4E1B5}"
EndProject
Project("{9A19103F-16F7-4668-BE54-9A1E7A4F7556}") = "stride_ui_alternate_example", "stride_ui_alternate_example\stride_ui_alternate_example.csproj", "{16A88808-890A-48F5-8F51-8A1E8C86C253}"
EndProject
Global
	GlobalSection(SolutionConfigurationPlatforms) = preSolution
		Debug|Any CPU = Debug|Any CPU
		Release|Any CPU = Release|Any CPU
	EndGlobalSection
	GlobalSection(ProjectConfigurationPlatforms) = postSolution
		{2649DEEA-02C0-43D2-9383-9B6253F4E1B5}.Debug|Any CPU.ActiveCfg = Debug|Any CPU
		{2649DEEA-02C0-43D2-9383-9B6253F4E1B5}.Debug|Any CPU.Build.0 = Debug|Any CPU
		{2649DEEA-02C0-43D2-9383-9B6253F4E1B5}.Release|Any CPU.ActiveCfg = Release|Any CPU
		{2649DEEA-02C0-43D2-9383-9B6253F4E1B5}.Release|Any CPU.Build.0 = Release|Any CPU
		{16A88808-890A-48F5-8F51-8A1E8C86C253}.Debug|Any CPU.ActiveCfg = Debug|Any CPU
		{16A88808-890A-48F5-8F51-8A1E8C86C253}.Debug|Any CPU.Build.0 = Debug|Any CPU
		{16A88808-890A-48F5-8F51-8A1E8C86C253}.Release|Any CPU.ActiveCfg = Release|Any CPU
		{16A88808-890A-48F5-8F51-8A1E8C86C253}.Release|Any CPU.Build.0 = Release|Any CPU
	EndGlobalSection
	GlobalSection(SolutionProperties) = preSolution
		HideSolutionNode = FALSE
	EndGlobalSection
	GlobalSection(ExtensibilityGlobals) = postSolution
		SolutionGuid = {C1854B13-F063-4143-8BD9-6AA591E92B12}
	EndGlobalSection
EndGlobal
